{
  "originHash" : "382755c94ca42d544bee320efb1516ffef76624792bcdf8b8fdc76883b52e2c2",
  "pins" : [
    {
      "identity" : "poker-swift-core",
      "kind" : "remoteSourceControl",
      "location" : "https://github.com/Samasaur1/poker-swift-core",
      "state" : {
        "revision" : "78ca270620ac8b728ca92d38a7c50b7ba7ad06f3",
        "version" : "1.0.4"
      }
    }
  ],
  "version" : 3
}
